
Microsoft Visual Studio Solution File, Format Version 12.00
# Visual Studio Version 16
VisualStudioVersion = 16.0.30907.101
MinimumVisualStudioVersion = 10.0.40219.1
Project("{FAE04EC0-301F-11D3-BF4B-00C04F79EFBC}") = "JavaProject", "JavaProject.csproj", "{137A1F46-100A-486A-AAB5-B747F2957C62}"
EndProject
Global
	GlobalSection(SolutionConfigurationPlatforms) = preSolution
		Debug|Any CPU = Debug|Any CPU
		Release|Any CPU = Release|Any CPU
	EndGlobalSection
	GlobalSection(ProjectConfigurationPlatforms) = postSolution
		{137A1F46-100A-486A-AAB5-B747F2957C62}.Debug|Any CPU.ActiveCfg = Debug|Any CPU
		{137A1F46-100A-486A-AAB5-B747F2957C62}.Debug|Any CPU.Build.0 = Debug|Any CPU
		{137A1F46-100A-486A-AAB5-B747F2957C62}.Release|Any CPU.ActiveCfg = Release|Any CPU
		{137A1F46-100A-486A-AAB5-B747F2957C62}.Release|Any CPU.Build.0 = Release|Any CPU
	EndGlobalSection
	GlobalSection(SolutionProperties) = preSolution
		HideSolutionNode = FALSE
	EndGlobalSection
	GlobalSection(ExtensibilityGlobals) = postSolution
		SolutionGuid = {B2A047BC-4D17-43E0-BAB9-0A620C15F0A9}
	EndGlobalSection
EndGlobal
